
Microsoft Visual Studio Solution File, Format Version 12.00
# Visual Studio Version 17
VisualStudioVersion = 17.9.34902.65
MinimumVisualStudioVersion = 10.0.40219.1
Project("{9A19103F-16F7-4668-BE54-9A1E7A4F7556}") = "Chatbot", "Chatbot\Chatbot.csproj", "{652FB6C6-FBCF-4082-9C3A-2F4FB34F97FB}"
EndProject
Project("{FAE04EC0-301F-11D3-BF4B-00C04F79EFBC}") = "Bilforhandler", "Bilforhandler\Bilforhandler.csproj", "{F61813E2-70CC-4C00-93C5-064E96298914}"
EndProject
Global
	GlobalSection(SolutionConfigurationPlatforms) = preSolution
		Debug|Any CPU = Debug|Any CPU
		Release|Any CPU = Release|Any CPU
	EndGlobalSection
	GlobalSection(ProjectConfigurationPlatforms) = postSolution
		{652FB6C6-FBCF-4082-9C3A-2F4FB34F97FB}.Debug|Any CPU.ActiveCfg = Debug|Any CPU
		{652FB6C6-FBCF-4082-9C3A-2F4FB34F97FB}.Debug|Any CPU.Build.0 = Debug|Any CPU
		{652FB6C6-FBCF-4082-9C3A-2F4FB34F97FB}.Release|Any CPU.ActiveCfg = Release|Any CPU
		{652FB6C6-FBCF-4082-9C3A-2F4FB34F97FB}.Release|Any CPU.Build.0 = Release|Any CPU
		{F61813E2-70CC-4C00-93C5-064E96298914}.Debug|Any CPU.ActiveCfg = Debug|Any CPU
		{F61813E2-70CC-4C00-93C5-064E96298914}.Debug|Any CPU.Build.0 = Debug|Any CPU
		{F61813E2-70CC-4C00-93C5-064E96298914}.Release|Any CPU.ActiveCfg = Release|Any CPU
		{F61813E2-70CC-4C00-93C5-064E96298914}.Release|Any CPU.Build.0 = Release|Any CPU
	EndGlobalSection
	GlobalSection(SolutionProperties) = preSolution
		HideSolutionNode = FALSE
	EndGlobalSection
	GlobalSection(ExtensibilityGlobals) = postSolution
		SolutionGuid = {AE725837-9C2E-497B-A192-F74C94854A71}
	EndGlobalSection
EndGlobal
